<?xml version="1.0" encoding="utf-8"?>
<Project ToolsVersion="4.0" xmlns="http://schemas.microsoft.com/developer/msbuild/2003">
  <ItemGroup>
    <Filter Include="Source Files">
      <UniqueIdentifier>{4FC737F1-C7A5-4376-A066-2A32D752A2FF}</UniqueIdentifier>
      <Extensions>cpp;c;cc;cxx;def;odl;idl;hpj;bat;asm;asmx</Extensions>
    </Filter>
    <Filter Include="Header Files">
      <UniqueIdentifier>{93995380-89BD-4b04-88EB-625FBE52EBFB}</UniqueIdentifier>
      <Extensions>h;hh;hpp;hxx;hm;inl;inc;xsd</Extensions>
    </Filter>
    <Filter Include="Resource Files">
      <UniqueIdentifier>{67DA6AB6-F800-4c08-8B7A-83BB121AAD01}</UniqueIdentifier>
      <Extensions>rc;ico;cur;bmp;dlg;rc2;rct;bin;rgs;gif;jpg;jpeg;jpe;resx;tiff;tif;png;wav;mfcribbon-ms</Extensions>
    </Filter>
  </ItemGroup>
  <ItemGroup>
    <Text Include="ReadMe.txt" />
  </ItemGroup>
  <ItemGroup>
    <ClInclude Include="Test.h">
      <Filter>Header Files</Filter>
    </ClInclude>
    <ClInclude Include="stdafx.h">
      <Filter>Header Files</Filter>
    </ClInclude>
    <ClInclude Include="targetver.h">
      <Filter>Header Files</Filter>
    </ClInclude>
    <ClInclude Include="Resource.h">
      <Filter>Header Files</Filter>
    </ClInclude>
    <ClInclude Include="MainFrm.h">
      <Filter>Header Files</Filter>
    </ClInclude>
    <ClInclude Include="TestDoc.h">
      <Filter>Header Files</Filter>
    </ClInclude>
    <ClInclude Include="TestView.h">
      <Filter>Header Files</Filter>
    </ClInclude>
    <ClInclude Include="CSeries.h">
      <Filter>Header Files</Filter>
    </ClInclude>
    <ClInclude Include="CTChart.h">
      <Filter>Header Files</Filter>
    </ClInclude>
    <ClInclude Include="tchart1.h">
      <Filter>Header Files</Filter>
    </ClInclude>
    <ClInclude Include="TulunDlg.h">
      <Filter>Header Files</Filter>
    </ClInclude>
    <ClInclude Include="UserDlg.h">
      <Filter>Header Files</Filter>
    </ClInclude>
    <ClInclude Include="CaffeDlg.h">
      <Filter>Header Files</Filter>
    </ClInclude>
    <ClInclude Include="CApplication.h">
      <Filter>Header Files</Filter>
    </ClInclude>
    <ClInclude Include="CWorkbook.h">
      <Filter>Header Files</Filter>
    </ClInclude>
    <ClInclude Include="CWorksheet.h">
      <Filter>Header Files</Filter>
    </ClInclude>
    <ClInclude Include="CRange.h">
      <Filter>Header Files</Filter>
    </ClInclude>
    <ClInclude Include="CWorkbooks.h">
      <Filter>Header Files</Filter>
    </ClInclude>
    <ClInclude Include="CWorksheets.h">
      <Filter>Header Files</Filter>
    </ClInclude>
    <ClInclude Include="excel.h">
      <Filter>Header Files</Filter>
    </ClInclude>
    <ClInclude Include="LoginDlg.h">
      <Filter>Header Files</Filter>
    </ClInclude>
    <ClInclude Include="BossDlg.h">
      <Filter>Header Files</Filter>
    </ClInclude>
    <ClInclude Include="SellDlg.h">
      <Filter>Header Files</Filter>
    </ClInclude>
    <ClInclude Include="CAxes.h">
      <Filter>Header Files</Filter>
    </ClInclude>
    <ClInclude Include="CAxis.h">
      <Filter>Header Files</Filter>
    </ClInclude>
    <ClInclude Include="CAxisTitle.h">
      <Filter>Header Files</Filter>
    </ClInclude>
    <ClInclude Include="CTitles.h">
      <Filter>Header Files</Filter>
    </ClInclude>
  </ItemGroup>
  <ItemGroup>
    <ClCompile Include="Test.cpp">
      <Filter>Source Files</Filter>
    </ClCompile>
    <ClCompile Include="stdafx.cpp">
      <Filter>Source Files</Filter>
    </ClCompile>
    <ClCompile Include="MainFrm.cpp">
      <Filter>Source Files</Filter>
    </ClCompile>
    <ClCompile Include="TestDoc.cpp">
      <Filter>Source Files</Filter>
    </ClCompile>
    <ClCompile Include="TestView.cpp">
      <Filter>Source Files</Filter>
    </ClCompile>
    <ClCompile Include="tchart1.cpp">
      <Filter>Source Files</Filter>
    </ClCompile>
    <ClCompile Include="TuLunDlg.cpp">
      <Filter>Source Files</Filter>
    </ClCompile>
    <ClCompile Include="UserDlg.cpp">
      <Filter>Source Files</Filter>
    </ClCompile>
    <ClCompile Include="CaffeDlg.cpp">
      <Filter>Source Files</Filter>
    </ClCompile>
    <ClCompile Include="excel.cpp">
      <Filter>Source Files</Filter>
    </ClCompile>
    <ClCompile Include="LoginDlg.cpp">
      <Filter>Source Files</Filter>
    </ClCompile>
    <ClCompile Include="BossDlg.cpp">
      <Filter>Source Files</Filter>
    </ClCompile>
    <ClCompile Include="SellDlg.cpp">
      <Filter>Source Files</Filter>
    </ClCompile>
  </ItemGroup>
  <ItemGroup>
    <ResourceCompile Include="Test.rc">
      <Filter>Resource Files</Filter>
    </ResourceCompile>
  </ItemGroup>
  <ItemGroup>
    <None Include="res\Test.rc2">
      <Filter>Resource Files</Filter>
    </None>
  </ItemGroup>
  <ItemGroup>
    <Image Include="res\TestDoc.ico">
      <Filter>Resource Files</Filter>
    </Image>
    <Image Include="res\Test.ico">
      <Filter>Resource Files</Filter>
    </Image>
    <Image Include="res\Toolbar.bmp">
      <Filter>Resource Files</Filter>
    </Image>
    <Image Include="..\..\..\often\BCG\RibbonDialogBar\res\icons.png">
      <Filter>Resource Files</Filter>
    </Image>
    <Image Include="res\images.png">
      <Filter>Resource Files</Filter>
    </Image>
    <Image Include="res\dialog-large.png">
      <Filter>Resource Files</Filter>
    </Image>
    <Image Include="res\workspace.bmp">
      <Filter>Resource Files</Filter>
    </Image>
    <Image Include="res\Toolbar256.bmp">
      <Filter>Resource Files</Filter>
    </Image>
    <Image Include="res\header.bmp">
      <Filter>Resource Files</Filter>
    </Image>
    <Image Include="res\back.png">
      <Filter>Resource Files</Filter>
    </Image>
    <Image Include="res\backdark.png">
      <Filter>Resource Files</Filter>
    </Image>
    <Image Include="res\CaptionBtns.BMP">
      <Filter>Resource Files</Filter>
    </Image>
    <Image Include="res\FrameBkgnd.BMP">
      <Filter>Resource Files</Filter>
    </Image>
    <Image Include="D:\Mine\课程\实时软件控制\Caffe\picture\icons.png">
      <Filter>Resource Files</Filter>
    </Image>
    <Image Include="res\职位.png">
      <Filter>Resource Files</Filter>
    </Image>
    <Image Include="F:\Study\C++\often\BCG\RibbonDialogBar\res\icons.png">
      <Filter>Resource Files</Filter>
    </Image>
    <Image Include="F:\Study\C++\ever\Test\Test\res\back.png">
      <Filter>Resource Files</Filter>
    </Image>
    <Image Include="..\picture\CaffeType.bmp">
      <Filter>Resource Files</Filter>
    </Image>
    <Image Include="..\picture\配料.bmp">
      <Filter>Resource Files</Filter>
    </Image>
  </ItemGroup>
</Project>